// !$*UTF8*$!
{
	archiveVersion = 1;
	classes = {
	};
	objectVersion = 50;
	objects = {

/* Begin PBXBuildFile section */
		D2E9771C21A33114005902EA /* StartTileSet.sks in Resources */ = {isa = PBXBuildFile; fileRef = D2E9771B21A33114005902EA /* StartTileSet.sks */; };
		D2E9771E21A33229005902EA /* StartScene.sks in Resources */ = {isa = PBXBuildFile; fileRef = D2E9771D21A33229005902EA /* StartScene.sks */; };
		D2F477CE21A32CC900D3E5F8 /* AppDelegate.swift in Sources */ = {isa = PBXBuildFile; fileRef = D2F477CD21A32CC900D3E5F8 /* AppDelegate.swift */; };
		D2F477D421A32CC900D3E5F8 /* StartScene.swift in Sources */ = {isa = PBXBuildFile; fileRef = D2F477D321A32CC900D3E5F8 /* StartScene.swift */; };
		D2F477D621A32CC900D3E5F8 /* StartViewController.swift in Sources */ = {isa = PBXBuildFile; fileRef = D2F477D521A32CC900D3E5F8 /* StartViewController.swift */; };
		D2F477D921A32CC900D3E5F8 /* Main.storyboard in Resources */ = {isa = PBXBuildFile; fileRef = D2F477D721A32CC900D3E5F8 /* Main.storyboard */; };
		D2F477DB21A32CCA00D3E5F8 /* Assets.xcassets in Resources */ = {isa = PBXBuildFile; fileRef = D2F477DA21A32CCA00D3E5F8 /* Assets.xcassets */; };
		D2F477DE21A32CCA00D3E5F8 /* LaunchScreen.storyboard in Resources */ = {isa = PBXBuildFile; fileRef = D2F477DC21A32CCA00D3E5F8 /* LaunchScreen.storyboard */; };
/* End PBXBuildFile section */

/* Begin PBXFileReference section */
		D2E9771B21A33114005902EA /* StartTileSet.sks */ = {isa = PBXFileReference; lastKnownFileType = file.sks; path = StartTileSet.sks; sourceTree = "<group>"; };
		D2E9771D21A33229005902EA /* StartScene.sks */ = {isa = PBXFileReference; lastKnownFileType = file.sks; path = StartScene.sks; sourceTree = "<group>"; };
		D2F477CA21A32CC900D3E5F8 /* Key to Plunder.app */ = {isa = PBXFileReference; explicitFileType = wrapper.application; includeInIndex = 0; path = "Key to Plunder.app"; sourceTree = BUILT_PRODUCTS_DIR; };
		D2F477CD21A32CC900D3E5F8 /* AppDelegate.swift */ = {isa = PBXFileReference; lastKnownFileType = sourcecode.swift; path = AppDelegate.swift; sourceTree = "<group>"; };
		D2F477D321A32CC900D3E5F8 /* StartScene.swift */ = {isa = PBXFileReference; lastKnownFileType = sourcecode.swift; path = StartScene.swift; sourceTree = "<group>"; };
		D2F477D521A32CC900D3E5F8 /* StartViewController.swift */ = {isa = PBXFileReference; lastKnownFileType = sourcecode.swift; path = StartViewController.swift; sourceTree = "<group>"; };
		D2F477D821A32CC900D3E5F8 /* Base */ = {isa = PBXFileReference; lastKnownFileType = file.storyboard; name = Base; path = Base.lproj/Main.storyboard; sourceTree = "<group>"; };
		D2F477DA21A32CCA00D3E5F8 /* Assets.xcassets */ = {isa = PBXFileReference; lastKnownFileType = folder.assetcatalog; path = Assets.xcassets; sourceTree = "<group>"; };
		D2F477DD21A32CCA00D3E5F8 /* Base */ = {isa = PBXFileReference; lastKnownFileType = file.storyboard; name = Base; path = Base.lproj/LaunchScreen.storyboard; sourceTree = "<group>"; };
		D2F477DF21A32CCA00D3E5F8 /* Info.plist */ = {isa = PBXFileReference; lastKnownFileType = text.plist.xml; path = Info.plist; sourceTree = "<group>"; };
/* End PBXFileReference section */

/* Begin PBXFrameworksBuildPhase section */
		D2F477C721A32CC900D3E5F8 /* Frameworks */ = {
			isa = PBXFrameworksBuildPhase;
			buildActionMask = 2147483647;
			files = (
			);
			runOnlyForDeploymentPostprocessing = 0;
		};
/* End PBXFrameworksBuildPhase section */

/* Begin PBXGroup section */
		D2F477C121A32CC900D3E5F8 = {
			isa = PBXGroup;
			children = (
				D2F477CC21A32CC900D3E5F8 /* Key to Plunder */,
				D2F477CB21A32CC900D3E5F8 /* Products */,
			);
			sourceTree = "<group>";
		};
		D2F477CB21A32CC900D3E5F8 /* Products */ = {
			isa = PBXGroup;
			children = (
				D2F477CA21A32CC900D3E5F8 /* Key to Plunder.app */,
			);
			name = Products;
			sourceTree = "<group>";
		};
		D2F477CC21A32CC900D3E5F8 /* Key to Plunder */ = {
			isa = PBXGroup;
			children = (
				D2F477CD21A32CC900D3E5F8 /* AppDelegate.swift */,
				D2F477D521A32CC900D3E5F8 /* StartViewController.swift */,
				D2F477D321A32CC900D3E5F8 /* StartScene.swift */,
				D2E9771D21A33229005902EA /* StartScene.sks */,
				D2E9771B21A33114005902EA /* StartTileSet.sks */,
				D2F477D721A32CC900D3E5F8 /* Main.storyboard */,
				D2F477DA21A32CCA00D3E5F8 /* Assets.xcassets */,
				D2F477DC21A32CCA00D3E5F8 /* LaunchScreen.storyboard */,
				D2F477DF21A32CCA00D3E5F8 /* Info.plist */,
			);
			path = "Key to Plunder";
			sourceTree = "<group>";
		};
/* End PBXGroup section */

/* Begin PBXNativeTarget section */
		D2F477C921A32CC900D3E5F8 /* Key to Plunder */ = {
			isa = PBXNativeTarget;
			buildConfigurationList = D2F477E221A32CCA00D3E5F8 /* Build configuration list for PBXNativeTarget "Key to Plunder" */;
			buildPhases = (
				D2F477C621A32CC900D3E5F8 /* Sources */,
				D2F477C721A32CC900D3E5F8 /* Frameworks */,
				D2F477C821A32CC900D3E5F8 /* Resources */,
			);
			buildRules = (
			);
			dependencies = (
			);
			name = "Key to Plunder";
			productName = "Key to Plunder";
			productReference = D2F477CA21A32CC900D3E5F8 /* Key to Plunder.app */;
			productType = "com.apple.product-type.application";
		};
/* End PBXNativeTarget section */

/* Begin PBXProject section */
		D2F477C221A32CC900D3E5F8 /* Project object */ = {
			isa = PBXProject;
			attributes = {
				LastSwiftUpdateCheck = 1010;
				LastUpgradeCheck = 1010;
				ORGANIZATIONNAME = "scott shelton";
				TargetAttributes = {
					D2F477C921A32CC900D3E5F8 = {
						CreatedOnToolsVersion = 10.1;
					};
				};
			};
			buildConfigurationList = D2F477C521A32CC900D3E5F8 /* Build configuration list for PBXProject "Key to Plunder" */;
			compatibilityVersion = "Xcode 9.3";
			developmentRegion = en;
			hasScannedForEncodings = 0;
			knownRegions = (
				en,
				Base,
			);
			mainGroup = D2F477C121A32CC900D3E5F8;
			productRefGroup = D2F477CB21A32CC900D3E5F8 /* Products */;
			projectDirPath = "";
			projectRoot = "";
			targets = (
				D2F477C921A32CC900D3E5F8 /* Key to Plunder */,
			);
		};
/* End PBXProject section */

/* Begin PBXResourcesBuildPhase section */
		D2F477C821A32CC900D3E5F8 /* Resources */ = {
			isa = PBXResourcesBuildPhase;
			buildActionMask = 2147483647;
			files = (
				D2E9771C21A33114005902EA /* StartTileSet.sks in Resources */,
				D2F477D921A32CC900D3E5F8 /* Main.storyboard in Resources */,
				D2F477DB21A32CCA00D3E5F8 /* Assets.xcassets in Resources */,
				D2E9771E21A33229005902EA /* StartScene.sks in Resources */,
				D2F477DE21A32CCA00D3E5F8 /* LaunchScreen.storyboard in Resources */,
			);
			runOnlyForDeploymentPostprocessing = 0;
		};
/* End PBXResourcesBuildPhase section */

/* Begin PBXSourcesBuildPhase section */
		D2F477C621A32CC900D3E5F8 /* Sources */ = {
			isa = PBXSourcesBuildPhase;
			buildActionMask = 2147483647;
			files = (
				D2F477D421A32CC900D3E5F8 /* StartScene.swift in Sources */,
				D2F477D621A32CC900D3E5F8 /* StartViewController.swift in Sources */,
				D2F477CE21A32CC900D3E5F8 /* AppDelegate.swift in Sources */,
			);
			runOnlyForDeploymentPostprocessing = 0;
		};
/* End PBXSourcesBuildPhase section */

/* Begin PBXVariantGroup section */
		D2F477D721A32CC900D3E5F8 /* Main.storyboard */ = {
			isa = PBXVariantGroup;
			children = (
				D2F477D821A32CC900D3E5F8 /* Base */,
			);
			name = Main.storyboard;
			sourceTree = "<group>";
		};
		D2F477DC21A32CCA00D3E5F8 /* LaunchScreen.storyboard */ = {
			isa = PBXVariantGroup;
			children = (
				D2F477DD21A32CCA00D3E5F8 /* Base */,
			);
			name = LaunchScreen.storyboard;
			sourceTree = "<group>";
		};
/* End PBXVariantGroup section */

/* Begin XCBuildConfiguration section */
		D2F477E021A32CCA00D3E5F8 /* Debug */ = {
			isa = XCBuildConfiguration;
			buildSettings = {
				ALWAYS_SEARCH_USER_PATHS = NO;
				CLANG_ANALYZER_NONNULL = YES;
				CLANG_ANALYZER_NUMBER_OBJECT_CONVERSION = YES_AGGRESSIVE;
				CLANG_CXX_LANGUAGE_STANDARD = "gnu++14";
				CLANG_CXX_LIBRARY = "libc++";
				CLANG_ENABLE_MODULES = YES;
				CLANG_ENABLE_OBJC_ARC = YES;
				CLANG_ENABLE_OBJC_WEAK = YES;
				CLANG_WARN_BLOCK_CAPTURE_AUTORELEASING = YES;
				CLANG_WARN_BOOL_CONVERSION = YES;
				CLANG_WARN_COMMA = YES;
				CLANG_WARN_CONSTANT_CONVERSION = YES;
				CLANG_WARN_DEPRECATED_OBJC_IMPLEMENTATIONS = YES;
				CLANG_WARN_DIRECT_OBJC_ISA_USAGE = YES_ERROR;
				CLANG_WARN_DOCUMENTATION_COMMENTS = YES;
				CLANG_WARN_EMPTY_BODY = YES;
				CLANG_WARN_ENUM_CONVERSION = YES;
				CLANG_WARN_INFINITE_RECURSION = YES;
				CLANG_WARN_INT_CONVERSION = YES;
				CLANG_WARN_NON_LITERAL_NULL_CONVERSION = YES;
				CLANG_WARN_OBJC_IMPLICIT_RETAIN_SELF = YES;
				CLANG_WARN_OBJC_LITERAL_CONVERSION = YES;
				CLANG_WARN_OBJC_ROOT_CLASS = YES_ERROR;
				CLANG_WARN_RANGE_LOOP_ANALYSIS = YES;
				CLANG_WARN_STRICT_PROTOTYPES = YES;
				CLANG_WARN_SUSPICIOUS_MOVE = YES;
				CLANG_WARN_UNGUARDED_AVAILABILITY = YES_AGGRESSIVE;
				CLANG_WARN_UNREACHABLE_CODE = YES;
				CLANG_WARN__DUPLICATE_METHOD_MATCH = YES;
				CODE_SIGN_IDENTITY = "iPhone Developer";
				COPY_PHASE_STRIP = NO;
				DEBUG_INFORMATION_FORMAT = dwarf;
				ENABLE_STRICT_OBJC_MSGSEND = YES;
				ENABLE_TESTABILITY = YES;
				GCC_C_LANGUAGE_STANDARD = gnu11;
				GCC_DYNAMIC_NO_PIC = NO;
				GCC_NO_COMMON_BLOCKS = YES;
				GCC_OPTIMIZATION_LEVEL = 0;
				GCC_PREPROCESSOR_DEFINITIONS = (
					"DEBUG=1",
					"$(inherited)",
				);
				GCC_WARN_64_TO_32_BIT_CONVERSION = YES;
				GCC_WARN_ABOUT_RETURN_TYPE = YES_ERROR;
				GCC_WARN_UNDECLARED_SELECTOR = YES;
				GCC_WARN_UNINITIALIZED_AUTOS = YES_AGGRESSIVE;
				GCC_WARN_UNUSED_FUNCTION = YES;
				GCC_WARN_UNUSED_VARIABLE = YES;
				IPHONEOS_DEPLOYMENT_TARGET = 12.1;
				MTL_ENABLE_DEBUG_INFO = INCLUDE_SOURCE;
				MTL_FAST_MATH = YES;
				ONLY_ACTIVE_ARCH = YES;
				SDKROOT = iphoneos;
				SWIFT_ACTIVE_COMPILATION_CONDITIONS = DEBUG;
				SWIFT_OPTIMIZATION_LEVEL = "-Onone";
			};
			name = Debug;
		};
		D2F477E121A32CCA00D3E5F8 /* Release */ = {
			isa = XCBuildConfiguration;
			buildSettings = {
				ALWAYS_SEARCH_USER_PATHS = NO;
				CLANG_ANALYZER_NONNULL = YES;
				CLANG_ANALYZER_NUMBER_OBJECT_CONVERSION = YES_AGGRESSIVE;
				CLANG_CXX_LANGUAGE_STANDARD = "gnu++14";
				CLANG_CXX_LIBRARY = "libc++";
				CLANG_ENABLE_MODULES = YES;
				CLANG_ENABLE_OBJC_ARC = YES;
				CLANG_ENABLE_OBJC_WEAK = YES;
				CLANG_WARN_BLOCK_CAPTURE_AUTORELEASING = YES;
				CLANG_WARN_BOOL_CONVERSION = YES;
				CLANG_WARN_COMMA = YES;
				CLANG_WARN_CONSTANT_CONVERSION = YES;
				CLANG_WARN_DEPRECATED_OBJC_IMPLEMENTATIONS = YES;
				CLANG_WARN_DIRECT_OBJC_ISA_USAGE = YES_ERROR;
				CLANG_WARN_DOCUMENTATION_COMMENTS = YES;
				CLANG_WARN_EMPTY_BODY = YES;
				CLANG_WARN_ENUM_CONVERSION = YES;
				CLANG_WARN_INFINITE_RECURSION = YES;
				CLANG_WARN_INT_CONVERSION = YES;
				CLANG_WARN_NON_LITERAL_NULL_CONVERSION = YES;
				CLANG_WARN_OBJC_IMPLICIT_RETAIN_SELF = YES;
				CLANG_WARN_OBJC_LITERAL_CONVERSION = YES;
				CLANG_WARN_OBJC_ROOT_CLASS = YES_ERROR;
				CLANG_WARN_RANGE_LOOP_ANALYSIS = YES;
				CLANG_WARN_STRICT_PROTOTYPES = YES;
				CLANG_WARN_SUSPICIOUS_MOVE = YES;
				CLANG_WARN_UNGUARDED_AVAILABILITY = YES_AGGRESSIVE;
				CLANG_WARN_UNREACHABLE_CODE = YES;
				CLANG_WARN__DUPLICATE_METHOD_MATCH = YES;
				CODE_SIGN_IDENTITY = "iPhone Developer";
				COPY_PHASE_STRIP = NO;
				DEBUG_INFORMATION_FORMAT = "dwarf-with-dsym";
				ENABLE_NS_ASSERTIONS = NO;
				ENABLE_STRICT_OBJC_MSGSEND = YES;
				GCC_C_LANGUAGE_STANDARD = gnu11;
				GCC_NO_COMMON_BLOCKS = YES;
				GCC_WARN_64_TO_32_BIT_CONVERSION = YES;
				GCC_WARN_ABOUT_RETURN_TYPE = YES_ERROR;
				GCC_WARN_UNDECLARED_SELECTOR = YES;
				GCC_WARN_UNINITIALIZED_AUTOS = YES_AGGRESSIVE;
				GCC_WARN_UNUSED_FUNCTION = YES;
				GCC_WARN_UNUSED_VARIABLE = YES;
				IPHONEOS_DEPLOYMENT_TARGET = 12.1;
				MTL_ENABLE_DEBUG_INFO = NO;
				MTL_FAST_MATH = YES;
				SDKROOT = iphoneos;
				SWIFT_COMPILATION_MODE = wholemodule;
				SWIFT_OPTIMIZATION_LEVEL = "-O";
				VALIDATE_PRODUCT = YES;
			};
			name = Release;
		};
		D2F477E321A32CCA00D3E5F8 /* Debug */ = {
			isa = XCBuildConfiguration;
			buildSettings = {
				ASSETCATALOG_COMPILER_APPICON_NAME = AppIcon;
				CODE_SIGN_STYLE = Automatic;
				DEVELOPMENT_TEAM = K42285HR6T;
				INFOPLIST_FILE = "Key to Plunder/Info.plist";
				LD_RUNPATH_SEARCH_PATHS = (
					"$(inherited)",
					"@executable_path/Frameworks",
				);
				PRODUCT_BUNDLE_IDENTIFIER = "com.sheltonscott.Key-to-Plunder";
				PRODUCT_NAME = "$(TARGET_NAME)";
				SWIFT_VERSION = 4.2;
				TARGETED_DEVICE_FAMILY = "1,2";
			};
			name = Debug;
		};
		D2F477E421A32CCA00D3E5F8 /* Release */ = {
			isa = XCBuildConfiguration;
			buildSettings = {
				ASSETCATALOG_COMPILER_APPICON_NAME = AppIcon;
				CODE_SIGN_STYLE = Automatic;
				DEVELOPMENT_TEAM = K42285HR6T;
				INFOPLIST_FILE = "Key to Plunder/Info.plist";
				LD_RUNPATH_SEARCH_PATHS = (
					"$(inherited)",
					"@executable_path/Frameworks",
				);
				PRODUCT_BUNDLE_IDENTIFIER = "com.sheltonscott.Key-to-Plunder";
				PRODUCT_NAME = "$(TARGET_NAME)";
				SWIFT_VERSION = 4.2;
				TARGETED_DEVICE_FAMILY = "1,2";
			};
			name = Release;
		};
/* End XCBuildConfiguration section */

/* Begin XCConfigurationList section */
		D2F477C521A32CC900D3E5F8 /* Build configuration list for PBXProject "Key to Plunder" */ = {
			isa = XCConfigurationList;
			buildConfigurations = (
				D2F477E021A32CCA00D3E5F8 /* Debug */,
				D2F477E121A32CCA00D3E5F8 /* Release */,
			);
			defaultConfigurationIsVisible = 0;
			defaultConfigurationName = Release;
		};
		D2F477E221A32CCA00D3E5F8 /* Build configuration list for PBXNativeTarget "Key to Plunder" */ = {
			isa = XCConfigurationList;
			buildConfigurations = (
				D2F477E321A32CCA00D3E5F8 /* Debug */,
				D2F477E421A32CCA00D3E5F8 /* Release */,
			);
			defaultConfigurationIsVisible = 0;
			defaultConfigurationName = Release;
		};
/* End XCConfigurationList section */
	};
	rootObject = D2F477C221A32CC900D3E5F8 /* Project object */;
}
